
Microsoft Visual Studio Solution File, Format Version 12.00
# Visual Studio Version 16
VisualStudioVersion = 16.0.31105.61
MinimumVisualStudioVersion = 10.0.40219.1
Project("{FAE04EC0-301F-11D3-BF4B-00C04F79EFBC}") = "dateme_wpfver", "dateme_wpfver.csproj", "{536E5539-B760-4687-955E-EB695C04BE07}"
EndProject
Global
	GlobalSection(SolutionConfigurationPlatforms) = preSolution
		Debug|Any CPU = Debug|Any CPU
		Release|Any CPU = Release|Any CPU
	EndGlobalSection
	GlobalSection(ProjectConfigurationPlatforms) = postSolution
		{536E5539-B760-4687-955E-EB695C04BE07}.Debug|Any CPU.ActiveCfg = Debug|Any CPU
		{536E5539-B760-4687-955E-EB695C04BE07}.Debug|Any CPU.Build.0 = Debug|Any CPU
		{536E5539-B760-4687-955E-EB695C04BE07}.Release|Any CPU.ActiveCfg = Release|Any CPU
		{536E5539-B760-4687-955E-EB695C04BE07}.Release|Any CPU.Build.0 = Release|Any CPU
	EndGlobalSection
	GlobalSection(SolutionProperties) = preSolution
		HideSolutionNode = FALSE
	EndGlobalSection
	GlobalSection(ExtensibilityGlobals) = postSolution
		SolutionGuid = {F85D0E7C-FC21-43EA-8EEF-B7792F94F4DC}
	EndGlobalSection
EndGlobal
